
Microsoft Visual Studio Solution File, Format Version 12.00
# Visual Studio 15
VisualStudioVersion = 15.0.28010.2050
MinimumVisualStudioVersion = 10.0.40219.1
Project("{FAE04EC0-301F-11D3-BF4B-00C04F79EFBC}") = "LoginTeste", "LoginTeste\LoginTeste.csproj", "{FA2D2011-DA6F-47C0-B35B-5AB8CFD91C1A}"
EndProject
Global
	GlobalSection(SolutionConfigurationPlatforms) = preSolution
		Debug|Any CPU = Debug|Any CPU
		Release|Any CPU = Release|Any CPU
	EndGlobalSection
	GlobalSection(ProjectConfigurationPlatforms) = postSolution
		{FA2D2011-DA6F-47C0-B35B-5AB8CFD91C1A}.Debug|Any CPU.ActiveCfg = Debug|Any CPU
		{FA2D2011-DA6F-47C0-B35B-5AB8CFD91C1A}.Debug|Any CPU.Build.0 = Debug|Any CPU
		{FA2D2011-DA6F-47C0-B35B-5AB8CFD91C1A}.Release|Any CPU.ActiveCfg = Release|Any CPU
		{FA2D2011-DA6F-47C0-B35B-5AB8CFD91C1A}.Release|Any CPU.Build.0 = Release|Any CPU
	EndGlobalSection
	GlobalSection(SolutionProperties) = preSolution
		HideSolutionNode = FALSE
	EndGlobalSection
	GlobalSection(ExtensibilityGlobals) = postSolution
		SolutionGuid = {336D8DD0-B009-4A4F-BB3E-C094F0D7825A}
	EndGlobalSection
EndGlobal
